
Microsoft Visual Studio Solution File, Format Version 12.00
# Visual Studio 15
VisualStudioVersion = 15.0.28307.852
MinimumVisualStudioVersion = 10.0.40219.1
Project("{FAE04EC0-301F-11D3-BF4B-00C04F79EFBC}") = "Sip2Console", "Sip2Console\Sip2Console.csproj", "{FD00A23B-511E-4075-BD2A-5EA4A8FF99DF}"
EndProject
Global
	GlobalSection(SolutionConfigurationPlatforms) = preSolution
		Debug|Any CPU = Debug|Any CPU
		Release|Any CPU = Release|Any CPU
	EndGlobalSection
	GlobalSection(ProjectConfigurationPlatforms) = postSolution
		{FD00A23B-511E-4075-BD2A-5EA4A8FF99DF}.Debug|Any CPU.ActiveCfg = Debug|Any CPU
		{FD00A23B-511E-4075-BD2A-5EA4A8FF99DF}.Debug|Any CPU.Build.0 = Debug|Any CPU
		{FD00A23B-511E-4075-BD2A-5EA4A8FF99DF}.Release|Any CPU.ActiveCfg = Release|Any CPU
		{FD00A23B-511E-4075-BD2A-5EA4A8FF99DF}.Release|Any CPU.Build.0 = Release|Any CPU
	EndGlobalSection
	GlobalSection(SolutionProperties) = preSolution
		HideSolutionNode = FALSE
	EndGlobalSection
	GlobalSection(ExtensibilityGlobals) = postSolution
		SolutionGuid = {B468E2DF-1F3E-40C7-87BC-E39617867A55}
	EndGlobalSection
EndGlobal
